
Microsoft Visual Studio Solution File, Format Version 12.00
# Visual Studio Version 16
VisualStudioVersion = 16.0.31624.102
MinimumVisualStudioVersion = 10.0.40219.1
Project("{FAE04EC0-301F-11D3-BF4B-00C04F79EFBC}") = "Sem", "Sem\Sem.csproj", "{3BAB75CC-69FB-4B29-8FDE-DE43F0481536}"
EndProject
Global
	GlobalSection(SolutionConfigurationPlatforms) = preSolution
		Debug|Any CPU = Debug|Any CPU
		Release|Any CPU = Release|Any CPU
	EndGlobalSection
	GlobalSection(ProjectConfigurationPlatforms) = postSolution
		{3BAB75CC-69FB-4B29-8FDE-DE43F0481536}.Debug|Any CPU.ActiveCfg = Debug|Any CPU
		{3BAB75CC-69FB-4B29-8FDE-DE43F0481536}.Debug|Any CPU.Build.0 = Debug|Any CPU
		{3BAB75CC-69FB-4B29-8FDE-DE43F0481536}.Release|Any CPU.ActiveCfg = Release|Any CPU
		{3BAB75CC-69FB-4B29-8FDE-DE43F0481536}.Release|Any CPU.Build.0 = Release|Any CPU
	EndGlobalSection
	GlobalSection(SolutionProperties) = preSolution
		HideSolutionNode = FALSE
	EndGlobalSection
	GlobalSection(ExtensibilityGlobals) = postSolution
		SolutionGuid = {A91917F8-D407-4012-BCE4-F84D9CB08B2E}
	EndGlobalSection
EndGlobal
