
Microsoft Visual Studio Solution File, Format Version 12.00
# Visual Studio Version 16
VisualStudioVersion = 16.0.31624.102
MinimumVisualStudioVersion = 10.0.40219.1
Project("{FAE04EC0-301F-11D3-BF4B-00C04F79EFBC}") = "Task_01", "Task_01\Task_01.csproj", "{D85B218E-BAD1-4474-996E-D6C70421E56E}"
EndProject
Global
	GlobalSection(SolutionConfigurationPlatforms) = preSolution
		Debug|Any CPU = Debug|Any CPU
		Release|Any CPU = Release|Any CPU
	EndGlobalSection
	GlobalSection(ProjectConfigurationPlatforms) = postSolution
		{D85B218E-BAD1-4474-996E-D6C70421E56E}.Debug|Any CPU.ActiveCfg = Debug|Any CPU
		{D85B218E-BAD1-4474-996E-D6C70421E56E}.Debug|Any CPU.Build.0 = Debug|Any CPU
		{D85B218E-BAD1-4474-996E-D6C70421E56E}.Release|Any CPU.ActiveCfg = Release|Any CPU
		{D85B218E-BAD1-4474-996E-D6C70421E56E}.Release|Any CPU.Build.0 = Release|Any CPU
	EndGlobalSection
	GlobalSection(SolutionProperties) = preSolution
		HideSolutionNode = FALSE
	EndGlobalSection
	GlobalSection(ExtensibilityGlobals) = postSolution
		SolutionGuid = {92B27C4C-4C94-4870-BDB8-B121A770B20E}
	EndGlobalSection
EndGlobal
