
Microsoft Visual Studio Solution File, Format Version 12.00
# Visual Studio Version 16
VisualStudioVersion = 16.0.31911.196
MinimumVisualStudioVersion = 10.0.40219.1
Project("{FAE04EC0-301F-11D3-BF4B-00C04F79EFBC}") = "Homework10", "Homework10\Homework10.csproj", "{8D7CCFA1-DFE6-41F8-B7F2-9B688478A721}"
EndProject
Global
	GlobalSection(SolutionConfigurationPlatforms) = preSolution
		Debug|Any CPU = Debug|Any CPU
		Release|Any CPU = Release|Any CPU
	EndGlobalSection
	GlobalSection(ProjectConfigurationPlatforms) = postSolution
		{8D7CCFA1-DFE6-41F8-B7F2-9B688478A721}.Debug|Any CPU.ActiveCfg = Debug|Any CPU
		{8D7CCFA1-DFE6-41F8-B7F2-9B688478A721}.Debug|Any CPU.Build.0 = Debug|Any CPU
		{8D7CCFA1-DFE6-41F8-B7F2-9B688478A721}.Release|Any CPU.ActiveCfg = Release|Any CPU
		{8D7CCFA1-DFE6-41F8-B7F2-9B688478A721}.Release|Any CPU.Build.0 = Release|Any CPU
	EndGlobalSection
	GlobalSection(SolutionProperties) = preSolution
		HideSolutionNode = FALSE
	EndGlobalSection
	GlobalSection(ExtensibilityGlobals) = postSolution
		SolutionGuid = {35FAB268-737F-4FE5-A6C7-B4A7CAD03BA7}
	EndGlobalSection
EndGlobal
