
Microsoft Visual Studio Solution File, Format Version 12.00
# Visual Studio Version 16
VisualStudioVersion = 16.0.31911.196
MinimumVisualStudioVersion = 10.0.40219.1
Project("{FAE04EC0-301F-11D3-BF4B-00C04F79EFBC}") = "Seminar01a", "Seminar01\Seminar01a.csproj", "{7D80E3DC-CC80-4FC2-BD28-9D4411375958}"
EndProject
Project("{FAE04EC0-301F-11D3-BF4B-00C04F79EFBC}") = "Seminar01b", "Seminar01b\Seminar01b.csproj", "{D73315F7-4633-4368-A53D-6FFFF4D5500A}"
EndProject
Project("{FAE04EC0-301F-11D3-BF4B-00C04F79EFBC}") = "Seminar01c", "Seminar01c\Seminar01c.csproj", "{787006CE-D44B-4C22-A917-DAE22C4E0C61}"
EndProject
Global
	GlobalSection(SolutionConfigurationPlatforms) = preSolution
		Debug|Any CPU = Debug|Any CPU
		Release|Any CPU = Release|Any CPU
	EndGlobalSection
	GlobalSection(ProjectConfigurationPlatforms) = postSolution
		{7D80E3DC-CC80-4FC2-BD28-9D4411375958}.Debug|Any CPU.ActiveCfg = Debug|Any CPU
		{7D80E3DC-CC80-4FC2-BD28-9D4411375958}.Debug|Any CPU.Build.0 = Debug|Any CPU
		{7D80E3DC-CC80-4FC2-BD28-9D4411375958}.Release|Any CPU.ActiveCfg = Release|Any CPU
		{7D80E3DC-CC80-4FC2-BD28-9D4411375958}.Release|Any CPU.Build.0 = Release|Any CPU
		{D73315F7-4633-4368-A53D-6FFFF4D5500A}.Debug|Any CPU.ActiveCfg = Debug|Any CPU
		{D73315F7-4633-4368-A53D-6FFFF4D5500A}.Debug|Any CPU.Build.0 = Debug|Any CPU
		{D73315F7-4633-4368-A53D-6FFFF4D5500A}.Release|Any CPU.ActiveCfg = Release|Any CPU
		{D73315F7-4633-4368-A53D-6FFFF4D5500A}.Release|Any CPU.Build.0 = Release|Any CPU
		{787006CE-D44B-4C22-A917-DAE22C4E0C61}.Debug|Any CPU.ActiveCfg = Debug|Any CPU
		{787006CE-D44B-4C22-A917-DAE22C4E0C61}.Debug|Any CPU.Build.0 = Debug|Any CPU
		{787006CE-D44B-4C22-A917-DAE22C4E0C61}.Release|Any CPU.ActiveCfg = Release|Any CPU
		{787006CE-D44B-4C22-A917-DAE22C4E0C61}.Release|Any CPU.Build.0 = Release|Any CPU
	EndGlobalSection
	GlobalSection(SolutionProperties) = preSolution
		HideSolutionNode = FALSE
	EndGlobalSection
	GlobalSection(ExtensibilityGlobals) = postSolution
		SolutionGuid = {255B34BF-4070-49EF-BB93-BEEEB789D7A4}
	EndGlobalSection
EndGlobal
