
Microsoft Visual Studio Solution File, Format Version 12.00
# Visual Studio Version 16
VisualStudioVersion = 16.0.31702.278
MinimumVisualStudioVersion = 10.0.40219.1
Project("{FAE04EC0-301F-11D3-BF4B-00C04F79EFBC}") = "Sem5", "Sem5\Sem5.csproj", "{B8BFF80F-1C7E-4F1C-93A9-89153C2580D2}"
EndProject
Global
	GlobalSection(SolutionConfigurationPlatforms) = preSolution
		Debug|Any CPU = Debug|Any CPU
		Release|Any CPU = Release|Any CPU
	EndGlobalSection
	GlobalSection(ProjectConfigurationPlatforms) = postSolution
		{B8BFF80F-1C7E-4F1C-93A9-89153C2580D2}.Debug|Any CPU.ActiveCfg = Debug|Any CPU
		{B8BFF80F-1C7E-4F1C-93A9-89153C2580D2}.Debug|Any CPU.Build.0 = Debug|Any CPU
		{B8BFF80F-1C7E-4F1C-93A9-89153C2580D2}.Release|Any CPU.ActiveCfg = Release|Any CPU
		{B8BFF80F-1C7E-4F1C-93A9-89153C2580D2}.Release|Any CPU.Build.0 = Release|Any CPU
	EndGlobalSection
	GlobalSection(SolutionProperties) = preSolution
		HideSolutionNode = FALSE
	EndGlobalSection
	GlobalSection(ExtensibilityGlobals) = postSolution
		SolutionGuid = {67F13F95-627C-44B0-ABEB-90249403A76F}
	EndGlobalSection
EndGlobal
