
Microsoft Visual Studio Solution File, Format Version 12.00
# Visual Studio Version 16
VisualStudioVersion = 16.0.31911.196
MinimumVisualStudioVersion = 10.0.40219.1
Project("{FAE04EC0-301F-11D3-BF4B-00C04F79EFBC}") = "Homework5", "Homework5\Homework5.csproj", "{B3AB1F63-DB1D-4EB0-9E00-468D02BB6E61}"
EndProject
Global
	GlobalSection(SolutionConfigurationPlatforms) = preSolution
		Debug|Any CPU = Debug|Any CPU
		Release|Any CPU = Release|Any CPU
	EndGlobalSection
	GlobalSection(ProjectConfigurationPlatforms) = postSolution
		{B3AB1F63-DB1D-4EB0-9E00-468D02BB6E61}.Debug|Any CPU.ActiveCfg = Debug|Any CPU
		{B3AB1F63-DB1D-4EB0-9E00-468D02BB6E61}.Debug|Any CPU.Build.0 = Debug|Any CPU
		{B3AB1F63-DB1D-4EB0-9E00-468D02BB6E61}.Release|Any CPU.ActiveCfg = Release|Any CPU
		{B3AB1F63-DB1D-4EB0-9E00-468D02BB6E61}.Release|Any CPU.Build.0 = Release|Any CPU
	EndGlobalSection
	GlobalSection(SolutionProperties) = preSolution
		HideSolutionNode = FALSE
	EndGlobalSection
	GlobalSection(ExtensibilityGlobals) = postSolution
		SolutionGuid = {0356F462-36AF-432A-B8EC-CF8952BB6783}
	EndGlobalSection
EndGlobal
