
Microsoft Visual Studio Solution File, Format Version 12.00
# Visual Studio Version 16
VisualStudioVersion = 16.0.31702.278
MinimumVisualStudioVersion = 10.0.40219.1
Project("{FAE04EC0-301F-11D3-BF4B-00C04F79EFBC}") = "SeminarDZ4", "SeminarDZ4\SeminarDZ4.csproj", "{F76B9B2A-A2B6-429C-9E52-A15FF62F57FA}"
EndProject
Global
	GlobalSection(SolutionConfigurationPlatforms) = preSolution
		Debug|Any CPU = Debug|Any CPU
		Release|Any CPU = Release|Any CPU
	EndGlobalSection
	GlobalSection(ProjectConfigurationPlatforms) = postSolution
		{F76B9B2A-A2B6-429C-9E52-A15FF62F57FA}.Debug|Any CPU.ActiveCfg = Debug|Any CPU
		{F76B9B2A-A2B6-429C-9E52-A15FF62F57FA}.Debug|Any CPU.Build.0 = Debug|Any CPU
		{F76B9B2A-A2B6-429C-9E52-A15FF62F57FA}.Release|Any CPU.ActiveCfg = Release|Any CPU
		{F76B9B2A-A2B6-429C-9E52-A15FF62F57FA}.Release|Any CPU.Build.0 = Release|Any CPU
	EndGlobalSection
	GlobalSection(SolutionProperties) = preSolution
		HideSolutionNode = FALSE
	EndGlobalSection
	GlobalSection(ExtensibilityGlobals) = postSolution
		SolutionGuid = {90B56572-B914-4C25-B5DE-6D1696C9E479}
	EndGlobalSection
EndGlobal
