
Microsoft Visual Studio Solution File, Format Version 12.00
# Visual Studio Version 16
VisualStudioVersion = 16.0.31702.278
MinimumVisualStudioVersion = 10.0.40219.1
Project("{FAE04EC0-301F-11D3-BF4B-00C04F79EFBC}") = "Sem4_3", "Sem4_3\Sem4_3.csproj", "{77FE98E5-E3AD-41D1-B450-B446F992B75B}"
EndProject
Global
	GlobalSection(SolutionConfigurationPlatforms) = preSolution
		Debug|Any CPU = Debug|Any CPU
		Release|Any CPU = Release|Any CPU
	EndGlobalSection
	GlobalSection(ProjectConfigurationPlatforms) = postSolution
		{77FE98E5-E3AD-41D1-B450-B446F992B75B}.Debug|Any CPU.ActiveCfg = Debug|Any CPU
		{77FE98E5-E3AD-41D1-B450-B446F992B75B}.Debug|Any CPU.Build.0 = Debug|Any CPU
		{77FE98E5-E3AD-41D1-B450-B446F992B75B}.Release|Any CPU.ActiveCfg = Release|Any CPU
		{77FE98E5-E3AD-41D1-B450-B446F992B75B}.Release|Any CPU.Build.0 = Release|Any CPU
	EndGlobalSection
	GlobalSection(SolutionProperties) = preSolution
		HideSolutionNode = FALSE
	EndGlobalSection
	GlobalSection(ExtensibilityGlobals) = postSolution
		SolutionGuid = {A9E7C7BA-613D-4D0C-839F-9BD34CD678FC}
	EndGlobalSection
EndGlobal
